
Microsoft Visual Studio Solution File, Format Version 12.00
# Visual Studio Version 17
VisualStudioVersion = 17.14.36221.1 d17.14
MinimumVisualStudioVersion = 10.0.40219.1
Project("{FAE04EC0-301F-11D3-BF4B-00C04F79EFBC}") = "GymManagementPL", "GymManagementPL\GymManagementPL.csproj", "{A8E08235-309B-4779-8B77-175AEE2FD74B}"
EndProject
Project("{FAE04EC0-301F-11D3-BF4B-00C04F79EFBC}") = "GymManagementBLL", "GymManagementBLL\GymManagementBLL.csproj", "{17CEB5AB-E464-41CD-8203-B6C75E15B989}"
EndProject
Project("{FAE04EC0-301F-11D3-BF4B-00C04F79EFBC}") = "GymManagementDAL", "GymManagementDAL\GymManagementDAL.csproj", "{2ADB0305-AFAF-4E95-9CCE-F660A69EC08B}"
EndProject
Global
	GlobalSection(SolutionConfigurationPlatforms) = preSolution
		Debug|Any CPU = Debug|Any CPU
		Release|Any CPU = Release|Any CPU
	EndGlobalSection
	GlobalSection(ProjectConfigurationPlatforms) = postSolution
		{A8E08235-309B-4779-8B77-175AEE2FD74B}.Debug|Any CPU.ActiveCfg = Debug|Any CPU
		{A8E08235-309B-4779-8B77-175AEE2FD74B}.Debug|Any CPU.Build.0 = Debug|Any CPU
		{A8E08235-309B-4779-8B77-175AEE2FD74B}.Release|Any CPU.ActiveCfg = Release|Any CPU
		{A8E08235-309B-4779-8B77-175AEE2FD74B}.Release|Any CPU.Build.0 = Release|Any CPU
		{17CEB5AB-E464-41CD-8203-B6C75E15B989}.Debug|Any CPU.ActiveCfg = Debug|Any CPU
		{17CEB5AB-E464-41CD-8203-B6C75E15B989}.Debug|Any CPU.Build.0 = Debug|Any CPU
		{17CEB5AB-E464-41CD-8203-B6C75E15B989}.Release|Any CPU.ActiveCfg = Release|Any CPU
		{17CEB5AB-E464-41CD-8203-B6C75E15B989}.Release|Any CPU.Build.0 = Release|Any CPU
		{2ADB0305-AFAF-4E95-9CCE-F660A69EC08B}.Debug|Any CPU.ActiveCfg = Debug|Any CPU
		{2ADB0305-AFAF-4E95-9CCE-F660A69EC08B}.Debug|Any CPU.Build.0 = Debug|Any CPU
		{2ADB0305-AFAF-4E95-9CCE-F660A69EC08B}.Release|Any CPU.ActiveCfg = Release|Any CPU
		{2ADB0305-AFAF-4E95-9CCE-F660A69EC08B}.Release|Any CPU.Build.0 = Release|Any CPU
	EndGlobalSection
	GlobalSection(SolutionProperties) = preSolution
		HideSolutionNode = FALSE
	EndGlobalSection
	GlobalSection(ExtensibilityGlobals) = postSolution
		SolutionGuid = {E48F51DC-77CE-4B95-BE58-986F51D14154}
	EndGlobalSection
EndGlobal
